hash: a5786003ec586565a500c1386bc9ee4b78d2088f412df3f6068e18e1b01dbb83
updated: 2016-07-28T15:46:01.676846846+08:00
imports:
- name: earlydata.com/gopher/configurations
  version: bf41ae6ae6609fc2ff6c943b0c95ed858a16514f
  repo: root@gogs.analyticservice.net:gopher/configurations.git
  vcs: git
- name: earlydata.com/gopher/utils


  version: 36801786eb5110bb83b551a8fbd5caa83530674c


  repo: root@gogs.analyticservice.net:gopher/utils.git
  vcs: git
  subpackages:
  - qiniu
- name: github.com/boj/redistore
  version: fc113767cd6b051980f260d6dbe84b2740c46ab0
- name: github.com/BurntSushi/toml
  version: 99064174e013895bbd9b025c31100bd1d9b590ca
- name: github.com/fvbock/endless
  version: 2cdc20a776897c0f406853c048c33e2c1a9f0ebf
- name: github.com/garyburd/redigo
  version: b8dc90050f24c1a73a52f107f3f575be67b21b7c
  subpackages:
  - redis
  - internal
- name: github.com/gin-gonic/contrib
  version: 547e518040cfb96576b507d2f26779ab9c6fc829
  subpackages:
  - sessions
  - static
- name: github.com/gin-gonic/gin
  version: f931d1ea80ae95a6fc739213cdd9399bd2967fb6
  subpackages:
  - binding
  - render
- name: github.com/golang/protobuf
  version: 2402d76f3d41f928c7902a765dfc872356dd3aad
  subpackages:
  - proto
- name: github.com/gorilla/context
  version: aed02d124ae4a0e94fea4541c8effd05bf0c8296
- name: github.com/gorilla/securecookie
  version: ff356348f74133a59d3e93aa24b5b4551b6fe90d
- name: github.com/gorilla/sessions
  version: 56ba4b0a11da87516629a57408a5f7e4c8ea7b0b
- name: github.com/jinzhu/gorm
  version: 35a2a004d880453f0bbd3716bcc63da1cb15b77b
- name: github.com/jinzhu/inflection
  version: 8f4d3a0d04ce0b7c0cf3126fb98524246d00d102
- name: github.com/manucorporat/sse
  version: ee05b128a739a0fb76c7ebd3ae4810c1de808d6d
- name: github.com/qiniu/api.v7
  version: 180c91c9196103e6b02f02348336072d924b70b1
  subpackages:
  - kodo
  - kodocli
- name: github.com/unrolled/render
  version: 198ad4d8b8a4612176b804ca10555b222a086b40
- name: golang.org/x/crypto
  version: bc89c496413265e715159bdc8478ee9a92fdc265
  repo: git@github.com:golang/crypto.git
  vcs: git
  subpackages:
  - bcrypt
- name: golang.org/x/net
  version: f315505cf3349909cdf013ea56690da34e96a451
  repo: git@github.com:golang/net.git
  vcs: git
  subpackages:
  - context
- name: gopkg.in/go-playground/validator.v8
  version: c193cecd124b5cc722d7ee5538e945bdb3348435
- name: gopkg.in/yaml.v2
  version: e4d366fc3c7938e2958e662b4258c7a89e1f0e3e
- name: qiniupkg.com/api.v7
  version: 180c91c9196103e6b02f02348336072d924b70b1
  subpackages:
  - auth/qbox
  - conf
  - kodocli
- name: qiniupkg.com/api.v7/api
  version: ""
- name: qiniupkg.com/x
  version: f512abcf45ab4e2ba0fd4784c57b53d495997d66
  subpackages:
  - log.v7
  - rpc.v7
  - url.v7
  - bytes.v7
  - xlog.v7
  - bytes.v7/seekable
  - ctype.v7
  - reqid.v7
testImports: []
